
Microsoft Visual Studio Solution File, Format Version 12.00
# Visual Studio Version 16
VisualStudioVersion = 16.0.30002.166
MinimumVisualStudioVersion = 10.0.40219.1
Project("{9A19103F-16F7-4668-BE54-9A1E7A4F7556}") = "API", "API\API.csproj", "{95647AE2-EE09-4ED8-A651-C2B42198AFE4}"
EndProject
Project("{FAE04EC0-301F-11D3-BF4B-00C04F79EFBC}") = "IoC", "IoC\IoC.csproj", "{6817FBA9-8FBD-4CE5-A852-8B00FD37FDFF}"
EndProject
Project("{FAE04EC0-301F-11D3-BF4B-00C04F79EFBC}") = "Business", "Business\Business.csproj", "{F6354FCA-757F-4A66-BFF9-802B9CB7ABA7}"
EndProject
Project("{FAE04EC0-301F-11D3-BF4B-00C04F79EFBC}") = "Persistence", "Persistence\Persistence.csproj", "{3B44E1BA-7993-461D-83C7-5F09061CC1B4}"
EndProject
Global
	GlobalSection(SolutionConfigurationPlatforms) = preSolution
		Debug|Any CPU = Debug|Any CPU
		Release|Any CPU = Release|Any CPU
	EndGlobalSection
	GlobalSection(ProjectConfigurationPlatforms) = postSolution
		{95647AE2-EE09-4ED8-A651-C2B42198AFE4}.Debug|Any CPU.ActiveCfg = Debug|Any CPU
		{95647AE2-EE09-4ED8-A651-C2B42198AFE4}.Debug|Any CPU.Build.0 = Debug|Any CPU
		{95647AE2-EE09-4ED8-A651-C2B42198AFE4}.Release|Any CPU.ActiveCfg = Release|Any CPU
		{95647AE2-EE09-4ED8-A651-C2B42198AFE4}.Release|Any CPU.Build.0 = Release|Any CPU
		{6817FBA9-8FBD-4CE5-A852-8B00FD37FDFF}.Debug|Any CPU.ActiveCfg = Debug|Any CPU
		{6817FBA9-8FBD-4CE5-A852-8B00FD37FDFF}.Debug|Any CPU.Build.0 = Debug|Any CPU
		{6817FBA9-8FBD-4CE5-A852-8B00FD37FDFF}.Release|Any CPU.ActiveCfg = Release|Any CPU
		{6817FBA9-8FBD-4CE5-A852-8B00FD37FDFF}.Release|Any CPU.Build.0 = Release|Any CPU
		{F6354FCA-757F-4A66-BFF9-802B9CB7ABA7}.Debug|Any CPU.ActiveCfg = Debug|Any CPU
		{F6354FCA-757F-4A66-BFF9-802B9CB7ABA7}.Debug|Any CPU.Build.0 = Debug|Any CPU
		{F6354FCA-757F-4A66-BFF9-802B9CB7ABA7}.Release|Any CPU.ActiveCfg = Release|Any CPU
		{F6354FCA-757F-4A66-BFF9-802B9CB7ABA7}.Release|Any CPU.Build.0 = Release|Any CPU
		{3B44E1BA-7993-461D-83C7-5F09061CC1B4}.Debug|Any CPU.ActiveCfg = Debug|Any CPU
		{3B44E1BA-7993-461D-83C7-5F09061CC1B4}.Debug|Any CPU.Build.0 = Debug|Any CPU
		{3B44E1BA-7993-461D-83C7-5F09061CC1B4}.Release|Any CPU.ActiveCfg = Release|Any CPU
		{3B44E1BA-7993-461D-83C7-5F09061CC1B4}.Release|Any CPU.Build.0 = Release|Any CPU
	EndGlobalSection
	GlobalSection(SolutionProperties) = preSolution
		HideSolutionNode = FALSE
	EndGlobalSection
	GlobalSection(ExtensibilityGlobals) = postSolution
		SolutionGuid = {CACA149B-683B-4FD7-A79D-102F382AC1ED}
	EndGlobalSection
EndGlobal
